Microsoft Visual Studio Solution File, Format Version 12.00
# Visual Studio Version 17
VisualStudioVersion = 17.0.31903.59
MinimumVisualStudioVersion = 10.0.40219.1
Project("{FAE04EC0-301F-11D3-BF4B-00C04F79EFBC}") = "DewEncryption.Core", "DewEncryption.Core\DewEncryption.Core.csproj", "{D08E899B-202A-4690-A00B-4CFDD32E968E}"
EndProject
Project("{FAE04EC0-301F-11D3-BF4B-00C04F79EFBC}") = "DewEncryption.Gui", "DewEncryption.Gui\DewEncryption.Gui.csproj", "{12C2BAF1-849F-4E1A-AFA3-A6FBE59E3E7C}"
EndProject
Global
	GlobalSection(SolutionConfigurationPlatforms) = preSolution
		Debug|Any CPU = Debug|Any CPU
		Release|Any CPU = Release|Any CPU
	EndGlobalSection
	GlobalSection(ProjectConfigurationPlatforms) = postSolution
		{D08E899B-202A-4690-A00B-4CFDD32E968E}.Debug|Any CPU.ActiveCfg = Debug|Any CPU
		{D08E899B-202A-4690-A00B-4CFDD32E968E}.Debug|Any CPU.Build.0 = Debug|Any CPU
		{D08E899B-202A-4690-A00B-4CFDD32E968E}.Release|Any CPU.ActiveCfg = Release|Any CPU
		{D08E899B-202A-4690-A00B-4CFDD32E968E}.Release|Any CPU.Build.0 = Release|Any CPU
		{12C2BAF1-849F-4E1A-AFA3-A6FBE59E3E7C}.Debug|Any CPU.ActiveCfg = Debug|Any CPU
		{12C2BAF1-849F-4E1A-AFA3-A6FBE59E3E7C}.Debug|Any CPU.Build.0 = Debug|Any CPU
		{12C2BAF1-849F-4E1A-AFA3-A6FBE59E3E7C}.Release|Any CPU.ActiveCfg = Release|Any CPU
		{12C2BAF1-849F-4E1A-AFA3-A6FBE59E3E7C}.Release|Any CPU.Build.0 = Release|Any CPU
	EndGlobalSection
EndGlobal
